{
  "object": {
    "pins": [
      {
        "package": "WWCountdownButton",
        "repositoryURL": "https://github.com/William-Weng/WWCountdownButton.git",
        "state": {
          "branch": "main",
          "revision": "ccf9735f4644bd327b08f7145955080c54f9afa8",
          "version": null
        }
      },
      {
        "package": "WWPrint",
        "repositoryURL": "https://github.com/William-Weng/WWPrint",
        "state": {
          "branch": null,
          "revision": "e4ad2863717465f224aa676f10a3a7ff1df58f7c",
          "version": "1.0.0"
        }
      }
    ]
  },
  "version": 1
}
