{
  "pins" : [
    {
      "identity" : "wwcountdownbutton",
      "kind" : "remoteSourceControl",
      "location" : "https://github.com/William-Weng/WWCountdownButton.git",
      "state" : {
        "revision" : "f822cd546972fc6d635ef1e8a2c0912255b91978",
        "version" : "1.2.1"
      }
    },
    {
      "identity" : "wwprint",
      "kind" : "remoteSourceControl",
      "location" : "https://github.com/William-Weng/WWPrint",
      "state" : {
        "revision" : "0acf1057863faea81c3ded2057c21b09c3435435",
        "version" : "1.3.0"
      }
    }
  ],
  "version" : 2
}
